
Microsoft Visual Studio Solution File, Format Version 12.00
# Visual Studio Version 16
VisualStudioVersion = 16.0.33130.400
MinimumVisualStudioVersion = 10.0.40219.1
Project("{FAE04EC0-301F-11D3-BF4B-00C04F79EFBC}") = "Part2", "Part2.csproj", "{3EC28BFE-5BB0-427A-9FB1-313DB84F0F9F}"
EndProject
Global
	GlobalSection(SolutionConfigurationPlatforms) = preSolution
		Debug|Any CPU = Debug|Any CPU
		Release|Any CPU = Release|Any CPU
	EndGlobalSection
	GlobalSection(ProjectConfigurationPlatforms) = postSolution
		{3EC28BFE-5BB0-427A-9FB1-313DB84F0F9F}.Debug|Any CPU.ActiveCfg = Debug|Any CPU
		{3EC28BFE-5BB0-427A-9FB1-313DB84F0F9F}.Debug|Any CPU.Build.0 = Debug|Any CPU
		{3EC28BFE-5BB0-427A-9FB1-313DB84F0F9F}.Release|Any CPU.ActiveCfg = Release|Any CPU
		{3EC28BFE-5BB0-427A-9FB1-313DB84F0F9F}.Release|Any CPU.Build.0 = Release|Any CPU
	EndGlobalSection
	GlobalSection(SolutionProperties) = preSolution
		HideSolutionNode = FALSE
	EndGlobalSection
	GlobalSection(ExtensibilityGlobals) = postSolution
		SolutionGuid = {C234ED15-3E08-4348-A0F4-D71AE8566047}
	EndGlobalSection
EndGlobal
